
Microsoft Visual Studio Solution File, Format Version 12.00
# Visual Studio Version 16
VisualStudioVersion = 16.0.31129.286
MinimumVisualStudioVersion = 10.0.40219.1
Project("{FAE04EC0-301F-11D3-BF4B-00C04F79EFBC}") = "GitHubHost", "GitHubHost.csproj", "{C74323B2-5898-4A7A-A718-118A4F664B1F}"
EndProject
Global
	GlobalSection(SolutionConfigurationPlatforms) = preSolution
		Debug|Any CPU = Debug|Any CPU
		Release|Any CPU = Release|Any CPU
	EndGlobalSection
	GlobalSection(ProjectConfigurationPlatforms) = postSolution
		{C74323B2-5898-4A7A-A718-118A4F664B1F}.Debug|Any CPU.ActiveCfg = Debug|Any CPU
		{C74323B2-5898-4A7A-A718-118A4F664B1F}.Debug|Any CPU.Build.0 = Debug|Any CPU
		{C74323B2-5898-4A7A-A718-118A4F664B1F}.Release|Any CPU.ActiveCfg = Release|Any CPU
		{C74323B2-5898-4A7A-A718-118A4F664B1F}.Release|Any CPU.Build.0 = Release|Any CPU
	EndGlobalSection
	GlobalSection(SolutionProperties) = preSolution
		HideSolutionNode = FALSE
	EndGlobalSection
	GlobalSection(ExtensibilityGlobals) = postSolution
		SolutionGuid = {B24D52C0-02AD-4B7E-B948-CDCB3D35E83D}
	EndGlobalSection
EndGlobal
